
Microsoft Visual Studio Solution File, Format Version 12.00
# Visual Studio Version 17
VisualStudioVersion = 17.12.35514.174 d17.12
MinimumVisualStudioVersion = 10.0.40219.1
Project("{8BC9CEB8-8B4A-11D0-8D11-00A0C91BC942}") = "图的遍历", "图的遍历\图的遍历.vcxproj", "{7CDA5BFA-952E-4859-B7DB-FE2B8B2AB681}"
EndProject
Project("{8BC9CEB8-8B4A-11D0-8D11-00A0C91BC942}") = "六度空间", "六度空间\六度空间.vcxproj", "{A918AF9F-C050-40AC-9F77-5402E26D00FC}"
EndProject
Global
	GlobalSection(SolutionConfigurationPlatforms) = preSolution
		Debug|x64 = Debug|x64
		Debug|x86 = Debug|x86
		Release|x64 = Release|x64
		Release|x86 = Release|x86
	EndGlobalSection
	GlobalSection(ProjectConfigurationPlatforms) = postSolution
		{7CDA5BFA-952E-4859-B7DB-FE2B8B2AB681}.Debug|x64.ActiveCfg = Debug|x64
		{7CDA5BFA-952E-4859-B7DB-FE2B8B2AB681}.Debug|x64.Build.0 = Debug|x64
		{7CDA5BFA-952E-4859-B7DB-FE2B8B2AB681}.Debug|x86.ActiveCfg = Debug|Win32
		{7CDA5BFA-952E-4859-B7DB-FE2B8B2AB681}.Debug|x86.Build.0 = Debug|Win32
		{7CDA5BFA-952E-4859-B7DB-FE2B8B2AB681}.Release|x64.ActiveCfg = Release|x64
		{7CDA5BFA-952E-4859-B7DB-FE2B8B2AB681}.Release|x64.Build.0 = Release|x64
		{7CDA5BFA-952E-4859-B7DB-FE2B8B2AB681}.Release|x86.ActiveCfg = Release|Win32
		{7CDA5BFA-952E-4859-B7DB-FE2B8B2AB681}.Release|x86.Build.0 = Release|Win32
		{A918AF9F-C050-40AC-9F77-5402E26D00FC}.Debug|x64.ActiveCfg = Debug|x64
		{A918AF9F-C050-40AC-9F77-5402E26D00FC}.Debug|x64.Build.0 = Debug|x64
		{A918AF9F-C050-40AC-9F77-5402E26D00FC}.Debug|x86.ActiveCfg = Debug|Win32
		{A918AF9F-C050-40AC-9F77-5402E26D00FC}.Debug|x86.Build.0 = Debug|Win32
		{A918AF9F-C050-40AC-9F77-5402E26D00FC}.Release|x64.ActiveCfg = Release|x64
		{A918AF9F-C050-40AC-9F77-5402E26D00FC}.Release|x64.Build.0 = Release|x64
		{A918AF9F-C050-40AC-9F77-5402E26D00FC}.Release|x86.ActiveCfg = Release|Win32
		{A918AF9F-C050-40AC-9F77-5402E26D00FC}.Release|x86.Build.0 = Release|Win32
	EndGlobalSection
	GlobalSection(SolutionProperties) = preSolution
		HideSolutionNode = FALSE
	EndGlobalSection
EndGlobal
